
Microsoft Visual Studio Solution File, Format Version 12.00
# Visual Studio Version 16
VisualStudioVersion = 16.0.31829.152
MinimumVisualStudioVersion = 10.0.40219.1
Project("{FAE04EC0-301F-11D3-BF4B-00C04F79EFBC}") = "Lab17", "Lab17\Lab17.csproj", "{AD6CA6B8-4946-43D5-AD75-5B22E804DFC1}"
EndProject
Global
	GlobalSection(SolutionConfigurationPlatforms) = preSolution
		Debug|Any CPU = Debug|Any CPU
		Release|Any CPU = Release|Any CPU
	EndGlobalSection
	GlobalSection(ProjectConfigurationPlatforms) = postSolution
		{AD6CA6B8-4946-43D5-AD75-5B22E804DFC1}.Debug|Any CPU.ActiveCfg = Debug|Any CPU
		{AD6CA6B8-4946-43D5-AD75-5B22E804DFC1}.Debug|Any CPU.Build.0 = Debug|Any CPU
		{AD6CA6B8-4946-43D5-AD75-5B22E804DFC1}.Release|Any CPU.ActiveCfg = Release|Any CPU
		{AD6CA6B8-4946-43D5-AD75-5B22E804DFC1}.Release|Any CPU.Build.0 = Release|Any CPU
	EndGlobalSection
	GlobalSection(SolutionProperties) = preSolution
		HideSolutionNode = FALSE
	EndGlobalSection
	GlobalSection(ExtensibilityGlobals) = postSolution
		SolutionGuid = {EF4BB2F6-321E-4885-A18A-A0E8A68FDF39}
	EndGlobalSection
EndGlobal
